
Microsoft Visual Studio Solution File, Format Version 12.00
# Visual Studio Version 17
VisualStudioVersion = 17.6.33801.468
MinimumVisualStudioVersion = 10.0.40219.1
Project("{FAE04EC0-301F-11D3-BF4B-00C04F79EFBC}") = "P1.BasicStackOperations", "P1.BasicStackOperations\P1.BasicStackOperations.csproj", "{DCA33ABB-3A5E-4156-81E5-2841EC670277}"
EndProject
Project("{FAE04EC0-301F-11D3-BF4B-00C04F79EFBC}") = "P2.BasicQueueOperations", "P2.BasicQueueOperations\P2.BasicQueueOperations.csproj", "{6A1146B9-3578-488E-BD68-62FD3A324510}"
EndProject
Project("{FAE04EC0-301F-11D3-BF4B-00C04F79EFBC}") = "P3.MaximumAndMinimumElement", "P3.MaximumAndMinimumElement\P3.MaximumAndMinimumElement.csproj", "{6A999E09-6F4E-4217-BDB3-3320884F3E86}"
EndProject
Project("{FAE04EC0-301F-11D3-BF4B-00C04F79EFBC}") = "P4.FastFood", "P4.FastFood\P4.FastFood.csproj", "{FAA681B0-27CA-4653-9671-CF09B8F2C30A}"
EndProject
Project("{FAE04EC0-301F-11D3-BF4B-00C04F79EFBC}") = "P5.FashionBoutique", "P5.FashionBoutique\P5.FashionBoutique.csproj", "{1F6ABD06-A9CD-4035-9964-2668F9ADB738}"
EndProject
Global
	GlobalSection(SolutionConfigurationPlatforms) = preSolution
		Debug|Any CPU = Debug|Any CPU
		Release|Any CPU = Release|Any CPU
	EndGlobalSection
	GlobalSection(ProjectConfigurationPlatforms) = postSolution
		{DCA33ABB-3A5E-4156-81E5-2841EC670277}.Debug|Any CPU.ActiveCfg = Debug|Any CPU
		{DCA33ABB-3A5E-4156-81E5-2841EC670277}.Debug|Any CPU.Build.0 = Debug|Any CPU
		{DCA33ABB-3A5E-4156-81E5-2841EC670277}.Release|Any CPU.ActiveCfg = Release|Any CPU
		{DCA33ABB-3A5E-4156-81E5-2841EC670277}.Release|Any CPU.Build.0 = Release|Any CPU
		{6A1146B9-3578-488E-BD68-62FD3A324510}.Debug|Any CPU.ActiveCfg = Debug|Any CPU
		{6A1146B9-3578-488E-BD68-62FD3A324510}.Debug|Any CPU.Build.0 = Debug|Any CPU
		{6A1146B9-3578-488E-BD68-62FD3A324510}.Release|Any CPU.ActiveCfg = Release|Any CPU
		{6A1146B9-3578-488E-BD68-62FD3A324510}.Release|Any CPU.Build.0 = Release|Any CPU
		{6A999E09-6F4E-4217-BDB3-3320884F3E86}.Debug|Any CPU.ActiveCfg = Debug|Any CPU
		{6A999E09-6F4E-4217-BDB3-3320884F3E86}.Debug|Any CPU.Build.0 = Debug|Any CPU
		{6A999E09-6F4E-4217-BDB3-3320884F3E86}.Release|Any CPU.ActiveCfg = Release|Any CPU
		{6A999E09-6F4E-4217-BDB3-3320884F3E86}.Release|Any CPU.Build.0 = Release|Any CPU
		{FAA681B0-27CA-4653-9671-CF09B8F2C30A}.Debug|Any CPU.ActiveCfg = Debug|Any CPU
		{FAA681B0-27CA-4653-9671-CF09B8F2C30A}.Debug|Any CPU.Build.0 = Debug|Any CPU
		{FAA681B0-27CA-4653-9671-CF09B8F2C30A}.Release|Any CPU.ActiveCfg = Release|Any CPU
		{FAA681B0-27CA-4653-9671-CF09B8F2C30A}.Release|Any CPU.Build.0 = Release|Any CPU
		{1F6ABD06-A9CD-4035-9964-2668F9ADB738}.Debug|Any CPU.ActiveCfg = Debug|Any CPU
		{1F6ABD06-A9CD-4035-9964-2668F9ADB738}.Debug|Any CPU.Build.0 = Debug|Any CPU
		{1F6ABD06-A9CD-4035-9964-2668F9ADB738}.Release|Any CPU.ActiveCfg = Release|Any CPU
		{1F6ABD06-A9CD-4035-9964-2668F9ADB738}.Release|Any CPU.Build.0 = Release|Any CPU
	EndGlobalSection
	GlobalSection(SolutionProperties) = preSolution
		HideSolutionNode = FALSE
	EndGlobalSection
	GlobalSection(ExtensibilityGlobals) = postSolution
		SolutionGuid = {912DC4F4-4468-4D0D-8FAE-FAD1E3BA6469}
	EndGlobalSection
EndGlobal
